
Microsoft Visual Studio Solution File, Format Version 12.00
# Visual Studio Version 17
VisualStudioVersion = 17.14.36121.58 d17.14
MinimumVisualStudioVersion = 10.0.40219.1
Project("{FAE04EC0-301F-11D3-BF4B-00C04F79EFBC}") = "MiniApp1_ContactManager", "MiniApp1_ContactManager\MiniApp1_ContactManager.csproj", "{E39FBEE8-C5BB-4AC2-92AC-67FDBCB94A2E}"
EndProject
Global
	GlobalSection(SolutionConfigurationPlatforms) = preSolution
		Debug|Any CPU = Debug|Any CPU
		Release|Any CPU = Release|Any CPU
	EndGlobalSection
	GlobalSection(ProjectConfigurationPlatforms) = postSolution
		{E39FBEE8-C5BB-4AC2-92AC-67FDBCB94A2E}.Debug|Any CPU.ActiveCfg = Debug|Any CPU
		{E39FBEE8-C5BB-4AC2-92AC-67FDBCB94A2E}.Debug|Any CPU.Build.0 = Debug|Any CPU
		{E39FBEE8-C5BB-4AC2-92AC-67FDBCB94A2E}.Release|Any CPU.ActiveCfg = Release|Any CPU
		{E39FBEE8-C5BB-4AC2-92AC-67FDBCB94A2E}.Release|Any CPU.Build.0 = Release|Any CPU
	EndGlobalSection
	GlobalSection(SolutionProperties) = preSolution
		HideSolutionNode = FALSE
	EndGlobalSection
	GlobalSection(ExtensibilityGlobals) = postSolution
		SolutionGuid = {F493E97D-AF8F-448D-B952-98641FE4868E}
	EndGlobalSection
EndGlobal
